
Microsoft Visual Studio Solution File, Format Version 12.00
# Visual Studio Version 16
VisualStudioVersion = 16.0.31729.503
MinimumVisualStudioVersion = 10.0.40219.1
Project("{FAE04EC0-301F-11D3-BF4B-00C04F79EFBC}") = "web-tasarim-odev", "web-tasarim-odev\web-tasarim-odev.csproj", "{27A91C16-C159-4C3F-A8B5-1A3D39286CA8}"
EndProject
Global
	GlobalSection(SolutionConfigurationPlatforms) = preSolution
		Debug|Any CPU = Debug|Any CPU
		Release|Any CPU = Release|Any CPU
	EndGlobalSection
	GlobalSection(ProjectConfigurationPlatforms) = postSolution
		{27A91C16-C159-4C3F-A8B5-1A3D39286CA8}.Debug|Any CPU.ActiveCfg = Debug|Any CPU
		{27A91C16-C159-4C3F-A8B5-1A3D39286CA8}.Debug|Any CPU.Build.0 = Debug|Any CPU
		{27A91C16-C159-4C3F-A8B5-1A3D39286CA8}.Release|Any CPU.ActiveCfg = Release|Any CPU
		{27A91C16-C159-4C3F-A8B5-1A3D39286CA8}.Release|Any CPU.Build.0 = Release|Any CPU
	EndGlobalSection
	GlobalSection(SolutionProperties) = preSolution
		HideSolutionNode = FALSE
	EndGlobalSection
	GlobalSection(ExtensibilityGlobals) = postSolution
		SolutionGuid = {1B3B5317-2B13-4321-A3F6-47993BDE3829}
	EndGlobalSection
EndGlobal
